
Microsoft Visual Studio Solution File, Format Version 12.00
# Visual Studio Version 17
VisualStudioVersion = 17.6.33829.357
MinimumVisualStudioVersion = 10.0.40219.1
Project("{2150E333-8FDC-42A3-9474-1A3956D46DE8}") = "src", "src", "{2C3500ED-BF6A-43A3-ADEE-28E6BF193542}"
EndProject
Project("{9A19103F-16F7-4668-BE54-9A1E7A4F7556}") = "QuestionAndChalleger.Domain", "src\QuestionAndChalleger.Domain\QuestionAndChalleger.Domain.csproj", "{E190E8EF-3C43-4F51-9BD0-0125E511D829}"
EndProject
Project("{9A19103F-16F7-4668-BE54-9A1E7A4F7556}") = "QuestionAndChalleger.Data", "src\QuestionAndChalleger.Data\QuestionAndChalleger.Data.csproj", "{09AFFC6B-343F-4326-91D8-441F392F84A2}"
EndProject
Project("{9A19103F-16F7-4668-BE54-9A1E7A4F7556}") = "QuestionAndChalleger.Api", "src\QuestionAndChalleger.Api\QuestionAndChalleger.Api.csproj", "{7033FA45-E19D-48A1-AFBE-BB3052AA90A7}"
EndProject
Project("{9A19103F-16F7-4668-BE54-9A1E7A4F7556}") = "QuestionAndChalleger.Manager", "src\QuestionAndChalleger.Manager\QuestionAndChalleger.Manager.csproj", "{C252C09B-A569-47AF-B5E4-9CF306F98C08}"
EndProject
Project("{2150E333-8FDC-42A3-9474-1A3956D46DE8}") = "tests", "tests", "{01F55A35-B745-494E-8872-DA9F3BBE0C06}"
EndProject
Project("{9A19103F-16F7-4668-BE54-9A1E7A4F7556}") = "QuestionAndChalleger.Data.Tests", "tests\QuestionAndChalleger.Data.Tests\QuestionAndChalleger.Data.Tests.csproj", "{20FC7D06-67F8-486D-B894-1B05380E010C}"
EndProject
Project("{9A19103F-16F7-4668-BE54-9A1E7A4F7556}") = "QuestionAndChalleger.FakeData", "tests\QuestionAndChalleger.FakeData\QuestionAndChalleger.FakeData.csproj", "{A544ED99-2260-43F6-A79B-3CE4E3C79976}"
EndProject
Project("{E53339B2-1760-4266-BCC7-CA923CBCF16C}") = "docker-compose", "docker-compose.dcproj", "{E2CA1A2B-403A-4570-821C-9FDA6636FC08}"
EndProject
Global
	GlobalSection(SolutionConfigurationPlatforms) = preSolution
		Debug|Any CPU = Debug|Any CPU
		Release|Any CPU = Release|Any CPU
	EndGlobalSection
	GlobalSection(ProjectConfigurationPlatforms) = postSolution
		{E190E8EF-3C43-4F51-9BD0-0125E511D829}.Debug|Any CPU.ActiveCfg = Debug|Any CPU
		{E190E8EF-3C43-4F51-9BD0-0125E511D829}.Debug|Any CPU.Build.0 = Debug|Any CPU
		{E190E8EF-3C43-4F51-9BD0-0125E511D829}.Release|Any CPU.ActiveCfg = Release|Any CPU
		{E190E8EF-3C43-4F51-9BD0-0125E511D829}.Release|Any CPU.Build.0 = Release|Any CPU
		{09AFFC6B-343F-4326-91D8-441F392F84A2}.Debug|Any CPU.ActiveCfg = Debug|Any CPU
		{09AFFC6B-343F-4326-91D8-441F392F84A2}.Debug|Any CPU.Build.0 = Debug|Any CPU
		{09AFFC6B-343F-4326-91D8-441F392F84A2}.Release|Any CPU.ActiveCfg = Release|Any CPU
		{09AFFC6B-343F-4326-91D8-441F392F84A2}.Release|Any CPU.Build.0 = Release|Any CPU
		{7033FA45-E19D-48A1-AFBE-BB3052AA90A7}.Debug|Any CPU.ActiveCfg = Debug|Any CPU
		{7033FA45-E19D-48A1-AFBE-BB3052AA90A7}.Debug|Any CPU.Build.0 = Debug|Any CPU
		{7033FA45-E19D-48A1-AFBE-BB3052AA90A7}.Release|Any CPU.ActiveCfg = Release|Any CPU
		{7033FA45-E19D-48A1-AFBE-BB3052AA90A7}.Release|Any CPU.Build.0 = Release|Any CPU
		{C252C09B-A569-47AF-B5E4-9CF306F98C08}.Debug|Any CPU.ActiveCfg = Debug|Any CPU
		{C252C09B-A569-47AF-B5E4-9CF306F98C08}.Debug|Any CPU.Build.0 = Debug|Any CPU
		{C252C09B-A569-47AF-B5E4-9CF306F98C08}.Release|Any CPU.ActiveCfg = Release|Any CPU
		{C252C09B-A569-47AF-B5E4-9CF306F98C08}.Release|Any CPU.Build.0 = Release|Any CPU
		{20FC7D06-67F8-486D-B894-1B05380E010C}.Debug|Any CPU.ActiveCfg = Debug|Any CPU
		{20FC7D06-67F8-486D-B894-1B05380E010C}.Debug|Any CPU.Build.0 = Debug|Any CPU
		{20FC7D06-67F8-486D-B894-1B05380E010C}.Release|Any CPU.ActiveCfg = Release|Any CPU
		{20FC7D06-67F8-486D-B894-1B05380E010C}.Release|Any CPU.Build.0 = Release|Any CPU
		{A544ED99-2260-43F6-A79B-3CE4E3C79976}.Debug|Any CPU.ActiveCfg = Debug|Any CPU
		{A544ED99-2260-43F6-A79B-3CE4E3C79976}.Debug|Any CPU.Build.0 = Debug|Any CPU
		{A544ED99-2260-43F6-A79B-3CE4E3C79976}.Release|Any CPU.ActiveCfg = Release|Any CPU
		{A544ED99-2260-43F6-A79B-3CE4E3C79976}.Release|Any CPU.Build.0 = Release|Any CPU
		{E2CA1A2B-403A-4570-821C-9FDA6636FC08}.Debug|Any CPU.ActiveCfg = Debug|Any CPU
		{E2CA1A2B-403A-4570-821C-9FDA6636FC08}.Debug|Any CPU.Build.0 = Debug|Any CPU
		{E2CA1A2B-403A-4570-821C-9FDA6636FC08}.Release|Any CPU.ActiveCfg = Release|Any CPU
		{E2CA1A2B-403A-4570-821C-9FDA6636FC08}.Release|Any CPU.Build.0 = Release|Any CPU
	EndGlobalSection
	GlobalSection(SolutionProperties) = preSolution
		HideSolutionNode = FALSE
	EndGlobalSection
	GlobalSection(NestedProjects) = preSolution
		{E190E8EF-3C43-4F51-9BD0-0125E511D829} = {2C3500ED-BF6A-43A3-ADEE-28E6BF193542}
		{09AFFC6B-343F-4326-91D8-441F392F84A2} = {2C3500ED-BF6A-43A3-ADEE-28E6BF193542}
		{7033FA45-E19D-48A1-AFBE-BB3052AA90A7} = {2C3500ED-BF6A-43A3-ADEE-28E6BF193542}
		{C252C09B-A569-47AF-B5E4-9CF306F98C08} = {2C3500ED-BF6A-43A3-ADEE-28E6BF193542}
		{20FC7D06-67F8-486D-B894-1B05380E010C} = {01F55A35-B745-494E-8872-DA9F3BBE0C06}
		{A544ED99-2260-43F6-A79B-3CE4E3C79976} = {01F55A35-B745-494E-8872-DA9F3BBE0C06}
	EndGlobalSection
	GlobalSection(ExtensibilityGlobals) = postSolution
		SolutionGuid = {5CC872FC-5AB5-4342-893F-A8A1DD223139}
	EndGlobalSection
EndGlobal
